
Microsoft Visual Studio Solution File, Format Version 12.00
# Visual Studio Version 17
VisualStudioVersion = 17.10.35122.118
MinimumVisualStudioVersion = 10.0.40219.1
Project("{9A19103F-16F7-4668-BE54-9A1E7A4F7556}") = "SOJIBENTERPRISE.Domain", "SOJIBENTERPRISE.Domain\SOJIBENTERPRISE.Domain.csproj", "{122E1D60-D3B0-44DF-B396-F752143F6F03}"
EndProject
Project("{9A19103F-16F7-4668-BE54-9A1E7A4F7556}") = "SOJIBENTERPRISE.DataAccess", "SOJIBENTERPRISE.DataAccess\SOJIBENTERPRISE.DataAccess.csproj", "{CE6B296C-723C-4396-B51B-9C75236CCE13}"
EndProject
Project("{9A19103F-16F7-4668-BE54-9A1E7A4F7556}") = "SOJIBENTERPRISE.Web", "SOJIBENTERPRISE.Web\SOJIBENTERPRISE.Web.csproj", "{1F055C05-4F47-4DC0-B259-A43BF2D3D0F6}"
EndProject
Project("{9A19103F-16F7-4668-BE54-9A1E7A4F7556}") = "SOJIBENTERPRISE.Infrastructure", "SOJIBENTERPRISE.Infrastructure\SOJIBENTERPRISE.Infrastructure.csproj", "{ECDD3F54-FDA4-4BD0-A3E6-56BE867DCC04}"
EndProject
Global
	GlobalSection(SolutionConfigurationPlatforms) = preSolution
		Debug|Any CPU = Debug|Any CPU
		Release|Any CPU = Release|Any CPU
	EndGlobalSection
	GlobalSection(ProjectConfigurationPlatforms) = postSolution
		{122E1D60-D3B0-44DF-B396-F752143F6F03}.Debug|Any CPU.ActiveCfg = Debug|Any CPU
		{122E1D60-D3B0-44DF-B396-F752143F6F03}.Debug|Any CPU.Build.0 = Debug|Any CPU
		{122E1D60-D3B0-44DF-B396-F752143F6F03}.Release|Any CPU.ActiveCfg = Release|Any CPU
		{122E1D60-D3B0-44DF-B396-F752143F6F03}.Release|Any CPU.Build.0 = Release|Any CPU
		{CE6B296C-723C-4396-B51B-9C75236CCE13}.Debug|Any CPU.ActiveCfg = Debug|Any CPU
		{CE6B296C-723C-4396-B51B-9C75236CCE13}.Debug|Any CPU.Build.0 = Debug|Any CPU
		{CE6B296C-723C-4396-B51B-9C75236CCE13}.Release|Any CPU.ActiveCfg = Release|Any CPU
		{CE6B296C-723C-4396-B51B-9C75236CCE13}.Release|Any CPU.Build.0 = Release|Any CPU
		{1F055C05-4F47-4DC0-B259-A43BF2D3D0F6}.Debug|Any CPU.ActiveCfg = Debug|Any CPU
		{1F055C05-4F47-4DC0-B259-A43BF2D3D0F6}.Debug|Any CPU.Build.0 = Debug|Any CPU
		{1F055C05-4F47-4DC0-B259-A43BF2D3D0F6}.Release|Any CPU.ActiveCfg = Release|Any CPU
		{1F055C05-4F47-4DC0-B259-A43BF2D3D0F6}.Release|Any CPU.Build.0 = Release|Any CPU
		{ECDD3F54-FDA4-4BD0-A3E6-56BE867DCC04}.Debug|Any CPU.ActiveCfg = Debug|Any CPU
		{ECDD3F54-FDA4-4BD0-A3E6-56BE867DCC04}.Debug|Any CPU.Build.0 = Debug|Any CPU
		{ECDD3F54-FDA4-4BD0-A3E6-56BE867DCC04}.Release|Any CPU.ActiveCfg = Release|Any CPU
		{ECDD3F54-FDA4-4BD0-A3E6-56BE867DCC04}.Release|Any CPU.Build.0 = Release|Any CPU
	EndGlobalSection
	GlobalSection(SolutionProperties) = preSolution
		HideSolutionNode = FALSE
	EndGlobalSection
	GlobalSection(ExtensibilityGlobals) = postSolution
		SolutionGuid = {F0515EF4-DC1D-485C-945D-FAE0BEDB929C}
	EndGlobalSection
EndGlobal
